
Microsoft Visual Studio Solution File, Format Version 12.00
# Visual Studio Version 17
VisualStudioVersion = 17.14.36414.22
MinimumVisualStudioVersion = 10.0.40219.1
Project("{FAE04EC0-301F-11D3-BF4B-00C04F79EFBC}") = "JustBeeWeb", "src\JustBeeWeb.csproj", "{961483F6-5FA4-4C26-8D77-FC5AEAE5C940}"
EndProject
Project("{FAE04EC0-301F-11D3-BF4B-00C04F79EFBC}") = "JustBeeInfrastructure", "JustBeeInfrastructure\JustBeeInfrastructure.csproj", "{533F8AD5-65EF-4C62-BF4F-4237B014C1A8}"
EndProject
Global
	GlobalSection(SolutionConfigurationPlatforms) = preSolution
		Debug|Any CPU = Debug|Any CPU
		Release|Any CPU = Release|Any CPU
	EndGlobalSection
	GlobalSection(ProjectConfigurationPlatforms) = postSolution
		{961483F6-5FA4-4C26-8D77-FC5AEAE5C940}.Debug|Any CPU.ActiveCfg = Debug|Any CPU
		{961483F6-5FA4-4C26-8D77-FC5AEAE5C940}.Debug|Any CPU.Build.0 = Debug|Any CPU
		{961483F6-5FA4-4C26-8D77-FC5AEAE5C940}.Release|Any CPU.ActiveCfg = Release|Any CPU
		{961483F6-5FA4-4C26-8D77-FC5AEAE5C940}.Release|Any CPU.Build.0 = Release|Any CPU
		{533F8AD5-65EF-4C62-BF4F-4237B014C1A8}.Debug|Any CPU.ActiveCfg = Debug|Any CPU
		{533F8AD5-65EF-4C62-BF4F-4237B014C1A8}.Debug|Any CPU.Build.0 = Debug|Any CPU
		{533F8AD5-65EF-4C62-BF4F-4237B014C1A8}.Release|Any CPU.ActiveCfg = Release|Any CPU
		{533F8AD5-65EF-4C62-BF4F-4237B014C1A8}.Release|Any CPU.Build.0 = Release|Any CPU
	EndGlobalSection
	GlobalSection(SolutionProperties) = preSolution
		HideSolutionNode = FALSE
	EndGlobalSection
	GlobalSection(ExtensibilityGlobals) = postSolution
		SolutionGuid = {AEFE5CEA-0D64-4D5F-A65D-35766F9800D8}
	EndGlobalSection
EndGlobal
