
Microsoft Visual Studio Solution File, Format Version 12.00
# Visual Studio Version 18
VisualStudioVersion = 18.0.11018.127 d18.0
MinimumVisualStudioVersion = 10.0.40219.1
Project("{FAE04EC0-301F-11D3-BF4B-00C04F79EFBC}") = "JustBeeWeb", "src\Alveoles\JustBeeWeb\JustBeeWeb.csproj", "{961483F6-5FA4-4C26-8D77-FC5AEAE5C940}"
EndProject
Project("{FAE04EC0-301F-11D3-BF4B-00C04F79EFBC}") = "JustBeeInfrastructure", "src\Alveoles\JustBeeInfrastructure\JustBeeInfrastructure.csproj", "{533F8AD5-65EF-4C62-BF4F-4237B014C1A8}"
EndProject
Project("{FAE04EC0-301F-11D3-BF4B-00C04F79EFBC}") = "ShareStandaloneMap", "src\SharedMap\ShareStandaloneMap.csproj", "{FF3AC0EF-E51C-48FB-A6DB-078FC46371D8}"
EndProject
Project("{2150E333-8FDC-42A3-9474-1A3956D46DE8}") = "GameXTor", "GameXTor", "{8830F296-1273-4A09-9E92-3828F2700280}"
EndProject
Project("{FAE04EC0-301F-11D3-BF4B-00C04F79EFBC}") = "XTorGame", "src\GameXTor\XTorGame\XTorGame.csproj", "{E058DF5A-5689-4C5D-B621-E5D42C300D2E}"
EndProject
Global
	GlobalSection(SolutionConfigurationPlatforms) = preSolution
		Debug|Any CPU = Debug|Any CPU
		Release|Any CPU = Release|Any CPU
	EndGlobalSection
	GlobalSection(ProjectConfigurationPlatforms) = postSolution
		{961483F6-5FA4-4C26-8D77-FC5AEAE5C940}.Debug|Any CPU.ActiveCfg = Debug|Any CPU
		{961483F6-5FA4-4C26-8D77-FC5AEAE5C940}.Debug|Any CPU.Build.0 = Debug|Any CPU
		{961483F6-5FA4-4C26-8D77-FC5AEAE5C940}.Release|Any CPU.ActiveCfg = Release|Any CPU
		{961483F6-5FA4-4C26-8D77-FC5AEAE5C940}.Release|Any CPU.Build.0 = Release|Any CPU
		{533F8AD5-65EF-4C62-BF4F-4237B014C1A8}.Debug|Any CPU.ActiveCfg = Debug|Any CPU
		{533F8AD5-65EF-4C62-BF4F-4237B014C1A8}.Debug|Any CPU.Build.0 = Debug|Any CPU
		{533F8AD5-65EF-4C62-BF4F-4237B014C1A8}.Release|Any CPU.ActiveCfg = Release|Any CPU
		{533F8AD5-65EF-4C62-BF4F-4237B014C1A8}.Release|Any CPU.Build.0 = Release|Any CPU
		{FF3AC0EF-E51C-48FB-A6DB-078FC46371D8}.Debug|Any CPU.ActiveCfg = Debug|Any CPU
		{FF3AC0EF-E51C-48FB-A6DB-078FC46371D8}.Debug|Any CPU.Build.0 = Debug|Any CPU
		{FF3AC0EF-E51C-48FB-A6DB-078FC46371D8}.Release|Any CPU.ActiveCfg = Release|Any CPU
		{FF3AC0EF-E51C-48FB-A6DB-078FC46371D8}.Release|Any CPU.Build.0 = Release|Any CPU
		{E058DF5A-5689-4C5D-B621-E5D42C300D2E}.Debug|Any CPU.ActiveCfg = Debug|Any CPU
		{E058DF5A-5689-4C5D-B621-E5D42C300D2E}.Debug|Any CPU.Build.0 = Debug|Any CPU
		{E058DF5A-5689-4C5D-B621-E5D42C300D2E}.Debug|Any CPU.Deploy.0 = Debug|Any CPU
		{E058DF5A-5689-4C5D-B621-E5D42C300D2E}.Release|Any CPU.ActiveCfg = Release|Any CPU
		{E058DF5A-5689-4C5D-B621-E5D42C300D2E}.Release|Any CPU.Build.0 = Release|Any CPU
	EndGlobalSection
	GlobalSection(SolutionProperties) = preSolution
		HideSolutionNode = FALSE
	EndGlobalSection
	GlobalSection(NestedProjects) = preSolution
		{E058DF5A-5689-4C5D-B621-E5D42C300D2E} = {8830F296-1273-4A09-9E92-3828F2700280}
	EndGlobalSection
	GlobalSection(ExtensibilityGlobals) = postSolution
		SolutionGuid = {AEFE5CEA-0D64-4D5F-A65D-35766F9800D8}
	EndGlobalSection
EndGlobal
